
Microsoft Visual Studio Solution File, Format Version 12.00
# Visual Studio Version 17
VisualStudioVersion = 17.8.34511.84
MinimumVisualStudioVersion = 10.0.40219.1
Project("{FAE04EC0-301F-11D3-BF4B-00C04F79EFBC}") = "Coockies", "Coockies\Coockies.csproj", "{C016BBB2-A46C-4FA1-8A00-D6CDD15FFEE2}"
EndProject
Global
	GlobalSection(SolutionConfigurationPlatforms) = preSolution
		Debug|Any CPU = Debug|Any CPU
		Release|Any CPU = Release|Any CPU
	EndGlobalSection
	GlobalSection(ProjectConfigurationPlatforms) = postSolution
		{C016BBB2-A46C-4FA1-8A00-D6CDD15FFEE2}.Debug|Any CPU.ActiveCfg = Debug|Any CPU
		{C016BBB2-A46C-4FA1-8A00-D6CDD15FFEE2}.Debug|Any CPU.Build.0 = Debug|Any CPU
		{C016BBB2-A46C-4FA1-8A00-D6CDD15FFEE2}.Release|Any CPU.ActiveCfg = Release|Any CPU
		{C016BBB2-A46C-4FA1-8A00-D6CDD15FFEE2}.Release|Any CPU.Build.0 = Release|Any CPU
	EndGlobalSection
	GlobalSection(SolutionProperties) = preSolution
		HideSolutionNode = FALSE
	EndGlobalSection
	GlobalSection(ExtensibilityGlobals) = postSolution
		SolutionGuid = {8426B3A0-423E-48B3-9BBA-706C26D2E0E3}
	EndGlobalSection
EndGlobal
